
Microsoft Visual Studio Solution File, Format Version 12.00
# Visual Studio Version 17
VisualStudioVersion = 17.5.002.0
MinimumVisualStudioVersion = 10.0.40219.1
Project("{9A19103F-16F7-4668-BE54-9A1E7A4F7556}") = "task1", "task1.csproj", "{30687BE1-FA6F-4DFF-8496-7A871A5C2A77}"
EndProject
Global
	GlobalSection(SolutionConfigurationPlatforms) = preSolution
		Debug|Any CPU = Debug|Any CPU
		Release|Any CPU = Release|Any CPU
	EndGlobalSection
	GlobalSection(ProjectConfigurationPlatforms) = postSolution
		{30687BE1-FA6F-4DFF-8496-7A871A5C2A77}.Debug|Any CPU.ActiveCfg = Debug|Any CPU
		{30687BE1-FA6F-4DFF-8496-7A871A5C2A77}.Debug|Any CPU.Build.0 = Debug|Any CPU
		{30687BE1-FA6F-4DFF-8496-7A871A5C2A77}.Release|Any CPU.ActiveCfg = Release|Any CPU
		{30687BE1-FA6F-4DFF-8496-7A871A5C2A77}.Release|Any CPU.Build.0 = Release|Any CPU
	EndGlobalSection
	GlobalSection(SolutionProperties) = preSolution
		HideSolutionNode = FALSE
	EndGlobalSection
	GlobalSection(ExtensibilityGlobals) = postSolution
		SolutionGuid = {133ED361-E2AF-4BC2-9F4F-17B164EF6F4B}
	EndGlobalSection
EndGlobal
